
Microsoft Visual Studio Solution File, Format Version 12.00
# Visual Studio Version 16
VisualStudioVersion = 16.0.31025.194
MinimumVisualStudioVersion = 10.0.40219.1
Project("{FAE04EC0-301F-11D3-BF4B-00C04F79EFBC}") = "SampleWebApi", "SampleWebApi\SampleWebApi.csproj", "{DA512D83-23FC-4E47-B9BF-A7D24298585C}"
EndProject
Global
	GlobalSection(SolutionConfigurationPlatforms) = preSolution
		Debug|Any CPU = Debug|Any CPU
		Release|Any CPU = Release|Any CPU
	EndGlobalSection
	GlobalSection(ProjectConfigurationPlatforms) = postSolution
		{DA512D83-23FC-4E47-B9BF-A7D24298585C}.Debug|Any CPU.ActiveCfg = Debug|Any CPU
		{DA512D83-23FC-4E47-B9BF-A7D24298585C}.Debug|Any CPU.Build.0 = Debug|Any CPU
		{DA512D83-23FC-4E47-B9BF-A7D24298585C}.Release|Any CPU.ActiveCfg = Release|Any CPU
		{DA512D83-23FC-4E47-B9BF-A7D24298585C}.Release|Any CPU.Build.0 = Release|Any CPU
	EndGlobalSection
	GlobalSection(SolutionProperties) = preSolution
		HideSolutionNode = FALSE
	EndGlobalSection
	GlobalSection(ExtensibilityGlobals) = postSolution
		SolutionGuid = {CAC69542-9BC5-49B7-89AA-C9D8DA1774FE}
	EndGlobalSection
EndGlobal
