
Microsoft Visual Studio Solution File, Format Version 12.00
# Visual Studio Version 16
VisualStudioVersion = 16.0.31025.194
MinimumVisualStudioVersion = 10.0.40219.1
Project("{FAE04EC0-301F-11D3-BF4B-00C04F79EFBC}") = "TestCoreWebApi", "TestCoreWebApi\TestCoreWebApi.csproj", "{09864CC2-5B39-4F3C-9A50-5F72186906F8}"
EndProject
Global
	GlobalSection(SolutionConfigurationPlatforms) = preSolution
		Debug|Any CPU = Debug|Any CPU
		Release|Any CPU = Release|Any CPU
	EndGlobalSection
	GlobalSection(ProjectConfigurationPlatforms) = postSolution
		{09864CC2-5B39-4F3C-9A50-5F72186906F8}.Debug|Any CPU.ActiveCfg = Debug|Any CPU
		{09864CC2-5B39-4F3C-9A50-5F72186906F8}.Debug|Any CPU.Build.0 = Debug|Any CPU
		{09864CC2-5B39-4F3C-9A50-5F72186906F8}.Release|Any CPU.ActiveCfg = Release|Any CPU
		{09864CC2-5B39-4F3C-9A50-5F72186906F8}.Release|Any CPU.Build.0 = Release|Any CPU
	EndGlobalSection
	GlobalSection(SolutionProperties) = preSolution
		HideSolutionNode = FALSE
	EndGlobalSection
	GlobalSection(ExtensibilityGlobals) = postSolution
		SolutionGuid = {37B6BCEF-A49A-4437-A268-B4DD9BA02976}
	EndGlobalSection
EndGlobal
